github.com/pushlang/cusearch/v2 v2.0.3 h1:LIYBsrAN1n45NNiC29FD3/t9ZLiyYeNCBUnUvE0HJkc=
github.com/pushlang/cusearch/v2 v2.0.3/go.mod h1:RGSeBbeWdpGr75QDc4a/ndVhcAZjOnxdJ8QIri/4XZk=
github.com/pushlang/cusearch/v2 v2.0.4 h1:EBQ4/QSJHbHr3MD17IucQyOrCd74YMqh9XGGsWA96og=
github.com/pushlang/cusearch/v2 v2.0.4/go.mod h1:RGSeBbeWdpGr75QDc4a/ndVhcAZjOnxdJ8QIri/4XZk=
github.com/pushlang/cusearch/v2 v2.0.5 h1:+YHNU3Bqt78+OgLD9RPyGPRKpnFD+/kkMkeB4f4GljA=
github.com/pushlang/cusearch/v2 v2.0.5/go.mod h1:RGSeBbeWdpGr75QDc4a/ndVhcAZjOnxdJ8QIri/4XZk=
github.com/pushlang/cusearch/v2 v2.0.6 h1:K2BsnTdP6QGqrUDCdfzL+JvYUhdD2GxqxfVI8knkvW0=
github.com/pushlang/cusearch/v2 v2.0.6/go.mod h1:RGSeBbeWdpGr75QDc4a/ndVhcAZjOnxdJ8QIri/4XZk=
